<Project xmlns="http://schemas.microsoft.com/developer/msbuild/2003">
    <PropertyGroup>
        <ProjectGuid>{77AFBDC9-2984-4EC6-85A6-9DCAD3BFF6CC}</ProjectGuid>
        <ProjectVersion>20.3</ProjectVersion>
        <FrameworkType>VCL</FrameworkType>
        <Base>True</Base>
        <Config Condition="'$(Config)'==''">Debug</Config>
        <Platform Condition="'$(Platform)'==''">Win32</Platform>
        <TargetedPlatforms>3</TargetedPlatforms>
        <AppType>Application</AppType>
        <MainSource>Calculator.VCL.MVC.Project.dpr</MainSource>
        <ProjectName Condition="'$(ProjectName)'==''">Calculator.VCL.MVC.Project</ProjectName>
    </PropertyGroup>
    <PropertyGroup Condition="'$(Config)'=='Base' or '$(Base)'!=''">
        <Base>true</Base>
    </PropertyGroup>
    <PropertyGroup Condition="('$(Platform)'=='Win32' and '$(Base)'=='true') or '$(Base_Win32)'!=''">
        <Base_Win32>true</Base_Win32>
        <CfgParent>Base</CfgParent>
        <Base>true</Base>
    </PropertyGroup>
    <PropertyGroup Condition="('$(Platform)'=='Win64' and '$(Base)'=='true') or '$(Base_Win64)'!=''">
        <Base_Win64>true</Base_Win64>
        <CfgParent>Base</CfgParent>
        <Base>true</Base>
    </PropertyGroup>
    <PropertyGroup Condition="'$(Config)'=='Debug' or '$(Cfg_1)'!=''">
        <Cfg_1>true</Cfg_1>
        <CfgParent>Base</CfgParent>
        <Base>true</Base>
    </PropertyGroup>
    <PropertyGroup Condition="('$(Platform)'=='Win32' and '$(Cfg_1)'=='true') or '$(Cfg_1_Win32)'!=''">
        <Cfg_1_Win32>true</Cfg_1_Win32>
        <CfgParent>Cfg_1</CfgParent>
        <Cfg_1>true</Cfg_1>
        <Base>true</Base>
    </PropertyGroup>
    <PropertyGroup Condition="('$(Platform)'=='Win64' and '$(Cfg_1)'=='true') or '$(Cfg_1_Win64)'!=''">
        <Cfg_1_Win64>true</Cfg_1_Win64>
        <CfgParent>Cfg_1</CfgParent>
        <Cfg_1>true</Cfg_1>
        <Base>true</Base>
    </PropertyGroup>
    <PropertyGroup Condition="'$(Config)'=='Release' or '$(Cfg_2)'!=''">
        <Cfg_2>true</Cfg_2>
        <CfgParent>Base</CfgParent>
        <Base>true</Base>
    </PropertyGroup>
    <PropertyGroup Condition="('$(Platform)'=='Win32' and '$(Cfg_2)'=='true') or '$(Cfg_2_Win32)'!=''">
        <Cfg_2_Win32>true</Cfg_2_Win32>
        <CfgParent>Cfg_2</CfgParent>
        <Cfg_2>true</Cfg_2>
        <Base>true</Base>
    </PropertyGroup>
    <PropertyGroup Condition="('$(Platform)'=='Win64' and '$(Cfg_2)'=='true') or '$(Cfg_2_Win64)'!=''">
        <Cfg_2_Win64>true</Cfg_2_Win64>
        <CfgParent>Cfg_2</CfgParent>
        <Cfg_2>true</Cfg_2>
        <Base>true</Base>
    </PropertyGroup>
    <PropertyGroup Condition="'$(Base)'!=''">
        <DCC_DcuOutput>..\Dcu\$(Platform)\$(Config)</DCC_DcuOutput>
        <DCC_ExeOutput>..\Bin</DCC_ExeOutput>
        <DCC_E>false</DCC_E>
        <DCC_N>false</DCC_N>
        <DCC_S>false</DCC_S>
        <DCC_F>false</DCC_F>
        <DCC_K>false</DCC_K>
        <SanitizedProjectName>Calculator_VCL_MVC_Project</SanitizedProjectName>
        <VerInfo_Locale>1033</VerInfo_Locale>
        <VerInfo_Keys>CompanyName=;FileDescription=Calculator VCL;FileVersion=1.0.0.0;InternalName=;LegalCopyright=;LegalTrademarks=;OriginalFilename=;ProgramID=;ProductName=;ProductVersion=1.0.0.0;Comments=</VerInfo_Keys>
        <VerInfo_IncludeVerInfo>true</VerInfo_IncludeVerInfo>
        <Custom_Styles>Windows10|VCLSTYLE|$(BDSCOMMONDIR)\Styles\Windows10.vsf;&quot;Windows10 Dark|VCLSTYLE|$(BDSCOMMONDIR)\Styles\Windows10Dark.vsf&quot;</Custom_Styles>
    </PropertyGroup>
    <PropertyGroup Condition="'$(Base_Win32)'!=''">
        <BT_BuildType>Debug</BT_BuildType>
        <Manifest_File>$(BDS)\bin\default_app.manifest</Manifest_File>
        <Icon_MainIcon>..\Images\calculator_icon_sDW_icon.ico</Icon_MainIcon>
        <AppDPIAwarenessMode>PerMonitorV2</AppDPIAwarenessMode>
    </PropertyGroup>
    <PropertyGroup Condition="'$(Base_Win64)'!=''">
        <DCC_UsePackage>FireDACIBDriver;dxPSdxSpreadSheetLnkRS28;vclwinx;DataSnapServer;rbRIDE2228;fmx;vclie;DbxCommonDriver;bindengine;IndyIPCommon;VCLRESTComponents;DBXMSSQLDriver;FireDACCommonODBC;emsclient;appanalytics;IndyProtocols;vclx;FrameViewer11;Skia.Package.RTL;dbxcds;vcledge;dxHttpIndyRequestRS28;dxTileControlRS28;cxExportRS28;cxPivotGridOLAPRS28;dxPSdxDBOCLnkRS28;FmxTeeUI;dxPSPrVwRibbonRS28;rbIBE2228;InstantBDExpress;dxGDIPlusRS28;rbRest2228;FlexCel_Pdf;DBXFirebirdDriver;dxCoreRS28;cxPivotGridRS28;dclRBIBE2228;FMX_FlexCel_Components;rbDB2228;dxPSCoreRS28;FireDACSqliteDriver;DbxClientDriver;dxSpreadSheetRS28;dxSkinsCoreRS28;soapmidas;dxBarRS28;TeeUI;dxADOServerModeRS28;dxWizardControlRS28;dbexpress;cxIBXAdaptersRS28;inet;dxServerModeRS28;rbUSER2228;AsyncProDR;vcltouch;cxTreeListRS28;ipstudiowin;dxBarDBNavRS28;rbADO2228;FMX_FlexCel_Core;FireDACDBXDriver;fmxdae;dxPScxCommonRS28;dxPSdxChartControlLnkRS28;dxNavBarRS28;VCL_FlexCel_Core;CustomIPTransport;FireDACMSSQLDriver;rbRTL2228;ipstudiowinwordxp;dxSpreadSheetReportDesignerRS28;dxFireDACEMFRS28;madExcept_;dxComnRS28;dxFlowChartDesignerRS28;IndySystem;dclRBADO2228;cxVerticalGridRS28;cxFireDACAdaptersRS28;MarkDownViewer;ibxbindings;dxPSDBTeeChartRS28;dxmdsRS28;dxRichEditControlRS28;cxSchedulerGridRS28;VirtualTreesR;dxPScxSchedulerLnkRS28;acCriteriaBuilderDsgnD28;dxPSdxOCLnkRS28;dxPsPrVwAdvRS28;vclFireDAC;madDisAsm_;FlexCel_Render;FireDACCommon;DataSnapServerMidas;FireDACODBCDriver;emsserverresource;dxADOEMFRS28;dxRibbonCustomizationFormRS28;dxPSdxDBTVLnkRS28;bindcompdbx;dxGaugeControlRS28;rtl;FireDACMySQLDriver;dxDockingRS28;dxPDFViewerRS28;CardTablePackage;StyledAnimatedComponents;VCL_FlexCel_Components;DBXSqliteDriver;dxBarExtItemsRS28;dxPSdxFCLnkRS28;dxorgcRS28;DBXSybaseASEDriver;dxSpreadSheetCoreConditionalFormattingDialogsRS28;acSqlTextEditorD28;dxPSRichEditControlLnkRS28;vclimg;DataSnapFireDAC;inetdbxpress;FireDAC;rbDBE2228;xmlrtl;ibxpress;cxADOAdaptersRS28;dsnap;FireDACDb2Driver;cxSchedulerRibbonStyleEventEditorRS28;DBXOracleDriver;dxPScxTLLnkRS28;DBXInformixDriver;vclib;fmxobj;bindcompvclsmp;DataSnapNativeClient;dxFlowChartRS28;dxPScxPCProdRS28;SVGIconImageList;DatasnapConnectorsFreePascal;SkiaIconImageListVcl;FlexCel_Report;emshosting;dxRichEditDocumentModelRS28;dxPSdxMapControlLnkRS28;cxGridEMFRS28;dxGanttControlRS28;dxPScxVGridLnkRS28;dxPScxPivotGridLnkRS28;FireDACCommonDriver;acQueryBuilderDsgnFireDACD28;IndyIPClient;dxCloudServiceLibraryRS28;cxLibraryRS28;cxBDEAdaptersRS28;bindcompvclwinx;CData.Salesforce;emsedge;bindcompfmx;Skia4DelphiExtensions;madBasic_;dxPSdxPDFViewerLnkRS28;inetdb;rbRAP2228;dxSpreadSheetCoreRS28;cxSchedulerTreeBrowserRS28;ibmonitor;FireDACASADriver;dxTabbedMDIRS28;Tee;SVGIconImageListFMX;vclactnband;fmxFireDAC;dxFireDACServerModeRS28;acCriteriaBuilderD28;FireDACInfxDriver;DelphiGoogleMap;officeXPrt;DBXMySQLDriver;rbCloudSC2228;VclSmp;dxPSdxLCLnkRS28;DataSnapCommon;fmxase;dxdbtrRS28;DBXOdbcDriver;dbrtl;FireDACOracleDriver;ComPortDrv;dxPSLnksRS28;TeeDB;Skia.Package.FMX;FlexCel_XlsAdapter;FireDACMSAccDriver;DataSnapIndy10ServerTransport;DataSnapConnectors;dxChartControlRS28;vcldsnap;DBXInterBaseDriver;FireDACMongoDBDriver;dxSpreadSheetConditionalFormattingDialogsRS28;FireDACTDataDriver;rbRCL2228;Skia.Package.VCL;dxOrgChartAdvancedCustomizeFormRS28;vcldb;dxDBXServerModeRS28;cxSchedulerRS28;ipstudiowindataset;dclRBDBE2228;dxRibbonRS28;acQueryBuilderD28;StyledComponents;dxFlowChartLayoutsRS28;dxPScxExtCommonRS28;FlexCel_Core;dxdborRS28;dxRichEditControlCoreRS28;bindcomp;dxPScxGridLnkRS28;IndyCore;RESTBackendComponents;cxPivotGridChartRS28;dxBarExtDBItemsRS28;rbCIDE2228;dxRichEditCoreRS28;cxTreeListdxBarPopupMenuRS28;dxFlowChartAdvancedCustomizeFormRS28;FireDACADSDriver;acQueryBuilderDsgnD28;RaizeComponentsVclDb;RESTComponents;dxPSTeeChartRS28;IndyIPServer;vcl;dsnapxml;adortl;dsnapcon;DataSnapClient;DataSnapProviderClient;cxSchedulerWebServiceStorageRS28;dxtrmdRS28;acQueryBuilderFireDACD28;rbBDE2228;DBXDb2Driver;dxPSdxGaugeControlLnkRS28;rbUSERDesign2228;acSqlTextEditorDsgnD28;dxSpellCheckerRS28;cxGridRS28;emsclientfiredac;FireDACPgDriver;FireDACDSDriver;tethering;dxMapControlRS28;bindcompvcl;dxEMFRS28;rbDAD2228;CloudService;DBXSybaseASADriver;rbIDE2228;FMXTee;rbDIDE2228;soaprtl;RaizeComponentsVcl;soapserver;$(DCC_UsePackage)</DCC_UsePackage>
        <BT_BuildType>Debug</BT_BuildType>
        <Icon_MainIcon>..\Images\calculator_icon_sDW_icon.ico</Icon_MainIcon>
        <AppDPIAwarenessMode>PerMonitorV2</AppDPIAwarenessMode>
        <Manifest_File>$(BDS)\bin\default_app.manifest</Manifest_File>
    </PropertyGroup>
    <PropertyGroup Condition="'$(Cfg_1)'!=''">
        <DCC_Define>DEBUG;$(DCC_Define)</DCC_Define>
        <DCC_DebugDCUs>true</DCC_DebugDCUs>
        <DCC_Optimize>false</DCC_Optimize>
        <DCC_GenerateStackFrames>true</DCC_GenerateStackFrames>
        <DCC_DebugInfoInExe>true</DCC_DebugInfoInExe>
        <DCC_RemoteDebug>true</DCC_RemoteDebug>
        <DCC_IntegerOverflowCheck>true</DCC_IntegerOverflowCheck>
        <DCC_RangeChecking>true</DCC_RangeChecking>
    </PropertyGroup>
    <PropertyGroup Condition="'$(Cfg_1_Win32)'!=''">
        <DCC_RemoteDebug>false</DCC_RemoteDebug>
    </PropertyGroup>
    <PropertyGroup Condition="'$(Cfg_1_Win64)'!=''">
        <Icon_MainIcon>..\Images\calculator_icon_sDW_icon.ico</Icon_MainIcon>
    </PropertyGroup>
    <PropertyGroup Condition="'$(Cfg_2)'!=''">
        <DCC_LocalDebugSymbols>false</DCC_LocalDebugSymbols>
        <DCC_Define>RELEASE;$(DCC_Define)</DCC_Define>
        <DCC_SymbolReferenceInfo>0</DCC_SymbolReferenceInfo>
        <DCC_DebugInformation>0</DCC_DebugInformation>
    </PropertyGroup>
    <PropertyGroup Condition="'$(Cfg_2_Win32)'!=''">
        <Icon_MainIcon>..\Images\calculator_icon_sDW_icon.ico</Icon_MainIcon>
    </PropertyGroup>
    <PropertyGroup Condition="'$(Cfg_2_Win64)'!=''">
        <Icon_MainIcon>..\Images\calculator_icon_sDW_icon.ico</Icon_MainIcon>
    </PropertyGroup>
    <ItemGroup>
        <DelphiCompile Include="$(MainSource)">
            <MainSource>MainSource</MainSource>
        </DelphiCompile>
        <DCCReference Include="..\Sources\Calculator.Types.pas"/>
        <DCCReference Include="..\Sources\Calculator.Model.pas"/>
        <DCCReference Include="..\Sources\Calculator.Controller.pas"/>
        <DCCReference Include="..\Sources\Calculator.MainForm.pas">
            <Form>CalculatorForm</Form>
        </DCCReference>
        <DCCReference Include="..\Sources\Calculator.Resources.pas">
            <Form>dmResources</Form>
            <DesignClass>TDataModule</DesignClass>
        </DCCReference>
        <BuildConfiguration Include="Base">
            <Key>Base</Key>
        </BuildConfiguration>
        <BuildConfiguration Include="Debug">
            <Key>Cfg_1</Key>
            <CfgParent>Base</CfgParent>
        </BuildConfiguration>
        <BuildConfiguration Include="Release">
            <Key>Cfg_2</Key>
            <CfgParent>Base</CfgParent>
        </BuildConfiguration>
    </ItemGroup>
    <ProjectExtensions>
        <Borland.Personality>Delphi.Personality.12</Borland.Personality>
        <Borland.ProjectType>Application</Borland.ProjectType>
        <BorlandProject>
            <Delphi.Personality>
                <Source>
                    <Source Name="MainSource">Calculator.VCL.MVC.Project.dpr</Source>
                </Source>
                <Excluded_Packages>
                    <Excluded_Packages Name="$(BDSBIN)\dcloffice2k290.bpl">Microsoft Office 2000 Sample Automation Server Wrapper Components</Excluded_Packages>
                    <Excluded_Packages Name="$(BDSBIN)\dclofficexp290.bpl">Microsoft Office XP Sample Automation Server Wrapper Components</Excluded_Packages>
                </Excluded_Packages>
            </Delphi.Personality>
            <Platforms>
                <Platform value="Win32">True</Platform>
                <Platform value="Win64">True</Platform>
            </Platforms>
        </BorlandProject>
        <ProjectFileVersion>12</ProjectFileVersion>
    </ProjectExtensions>
    <Import Project="$(BDS)\Bin\CodeGear.Delphi.Targets" Condition="Exists('$(BDS)\Bin\CodeGear.Delphi.Targets')"/>
    <Import Project="$(APPDATA)\Embarcadero\$(BDSAPPDATABASEDIR)\$(PRODUCTVERSION)\UserTools.proj" Condition="Exists('$(APPDATA)\Embarcadero\$(BDSAPPDATABASEDIR)\$(PRODUCTVERSION)\UserTools.proj')"/>
</Project>
